// !$*UTF8*$!
{
	archiveVersion = 1;
	classes = {
	};
	objectVersion = 46;
	objects = {

/* Begin PBXBuildFile section */
		F706EC281CCBDDBC006D1F05 /* main.cpp in Sources */ = {isa = PBXBuildFile; fileRef = F706EC271CCBDDBC006D1F05 /* main.cpp */; };
/* End PBXBuildFile section */

/* Begin PBXCopyFilesBuildPhase section */
		F706EC221CCBDDBC006D1F05 /* CopyFiles */ = {
			isa = PBXCopyFilesBuildPhase;
			buildActionMask = 2147483647;
			dstPath = /usr/share/man/man1/;
			dstSubfolderSpec = 0;
			files = (
			);
			runOnlyForDeploymentPostprocessing = 1;
		};
/* End PBXCopyFilesBuildPhase section */

/* Begin PBXFileReference section */
		F706EC241CCBDDBC006D1F05 /* 10.5 The BankAccount Class */ = {isa = PBXFileReference; explicitFileType = "compiled.mach-o.executable"; includeInIndex = 0; path = "10.5 The BankAccount Class"; sourceTree = BUILT_PRODUCTS_DIR; };
		F706EC271CCBDDBC006D1F05 /* main.cpp */ = {isa = PBXFileReference; lastKnownFileType = sourcecode.cpp.cpp; path = main.cpp; sourceTree = "<group>"; };
/* End PBXFileReference section */

/* Begin PBXFrameworksBuildPhase section */
		F706EC211CCBDDBC006D1F05 /* Frameworks */ = {
			isa = PBXFrameworksBuildPhase;
			buildActionMask = 2147483647;
			files = (
			);
			runOnlyForDeploymentPostprocessing = 0;
		};
/* End PBXFrameworksBuildPhase section */

/* Begin PBXGroup section */
		F706EC1B1CCBDDBC006D1F05 = {
			isa = PBXGroup;
			children = (
				F706EC261CCBDDBC006D1F05 /* 10.5 The BankAccount Class */,
				F706EC251CCBDDBC006D1F05 /* Products */,
			);
			sourceTree = "<group>";
		};
		F706EC251CCBDDBC006D1F05 /* Products */ = {
			isa = PBXGroup;
			children = (
				F706EC241CCBDDBC006D1F05 /* 10.5 The BankAccount Class */,
			);
			name = Products;
			sourceTree = "<group>";
		};
		F706EC261CCBDDBC006D1F05 /* 10.5 The BankAccount Class */ = {
			isa = PBXGroup;
			children = (
				F706EC271CCBDDBC006D1F05 /* main.cpp */,
			);
			path = "10.5 The BankAccount Class";
			sourceTree = "<group>";
		};
/* End PBXGroup section */

/* Begin PBXNativeTarget section */
		F706EC231CCBDDBC006D1F05 /* 10.5 The BankAccount Class */ = {
			isa = PBXNativeTarget;
			buildConfigurationList = F706EC2B1CCBDDBC006D1F05 /* Build configuration list for PBXNativeTarget "10.5 The BankAccount Class" */;
			buildPhases = (
				F706EC201CCBDDBC006D1F05 /* Sources */,
				F706EC211CCBDDBC006D1F05 /* Frameworks */,
				F706EC221CCBDDBC006D1F05 /* CopyFiles */,
			);
			buildRules = (
			);
			dependencies = (
			);
			name = "10.5 The BankAccount Class";
			productName = "10.5 The BankAccount Class";
			productReference = F706EC241CCBDDBC006D1F05 /* 10.5 The BankAccount Class */;
			productType = "com.apple.product-type.tool";
		};
/* End PBXNativeTarget section */

/* Begin PBXProject section */
		F706EC1C1CCBDDBC006D1F05 /* Project object */ = {
			isa = PBXProject;
			attributes = {
				LastUpgradeCheck = 0730;
				ORGANIZATIONNAME = "Leon Nortje";
				TargetAttributes = {
					F706EC231CCBDDBC006D1F05 = {
						CreatedOnToolsVersion = 7.3;
					};
				};
			};
			buildConfigurationList = F706EC1F1CCBDDBC006D1F05 /* Build configuration list for PBXProject "10.5 The BankAccount Class" */;
			compatibilityVersion = "Xcode 3.2";
			developmentRegion = English;
			hasScannedForEncodings = 0;
			knownRegions = (
				en,
			);
			mainGroup = F706EC1B1CCBDDBC006D1F05;
			productRefGroup = F706EC251CCBDDBC006D1F05 /* Products */;
			projectDirPath = "";
			projectRoot = "";
			targets = (
				F706EC231CCBDDBC006D1F05 /* 10.5 The BankAccount Class */,
			);
		};
/* End PBXProject section */

/* Begin PBXSourcesBuildPhase section */
		F706EC201CCBDDBC006D1F05 /* Sources */ = {
			isa = PBXSourcesBuildPhase;
			buildActionMask = 2147483647;
			files = (
				F706EC281CCBDDBC006D1F05 /* main.cpp in Sources */,
			);
			runOnlyForDeploymentPostprocessing = 0;
		};
/* End PBXSourcesBuildPhase section */

/* Begin XCBuildConfiguration section */
		F706EC291CCBDDBC006D1F05 /* Debug */ = {
			isa = XCBuildConfiguration;
			buildSettings = {
				ALWAYS_SEARCH_USER_PATHS = NO;
				CLANG_ANALYZER_NONNULL = YES;
				CLANG_CXX_LANGUAGE_STANDARD = "gnu++0x";
				CLANG_CXX_LIBRARY = "libc++";
				CLANG_ENABLE_MODULES = YES;
				CLANG_ENABLE_OBJC_ARC = YES;
				CLANG_WARN_BOOL_CONVERSION = YES;
				CLANG_WARN_CONSTANT_CONVERSION = YES;
				CLANG_WARN_DIRECT_OBJC_ISA_USAGE = YES_ERROR;
				CLANG_WARN_EMPTY_BODY = YES;
				CLANG_WARN_ENUM_CONVERSION = YES;
				CLANG_WARN_INT_CONVERSION = YES;
				CLANG_WARN_OBJC_ROOT_CLASS = YES_ERROR;
				CLANG_WARN_UNREACHABLE_CODE = YES;
				CLANG_WARN__DUPLICATE_METHOD_MATCH = YES;
				CODE_SIGN_IDENTITY = "-";
				COPY_PHASE_STRIP = NO;
				DEBUG_INFORMATION_FORMAT = dwarf;
				ENABLE_STRICT_OBJC_MSGSEND = YES;
				ENABLE_TESTABILITY = YES;
				GCC_C_LANGUAGE_STANDARD = gnu99;
				GCC_DYNAMIC_NO_PIC = NO;
				GCC_NO_COMMON_BLOCKS = YES;
				GCC_OPTIMIZATION_LEVEL = 0;
				GCC_PREPROCESSOR_DEFINITIONS = (
					"DEBUG=1",
					"$(inherited)",
				);
				GCC_WARN_64_TO_32_BIT_CONVERSION = YES;
				GCC_WARN_ABOUT_RETURN_TYPE = YES_ERROR;
				GCC_WARN_UNDECLARED_SELECTOR = YES;
				GCC_WARN_UNINITIALIZED_AUTOS = YES_AGGRESSIVE;
				GCC_WARN_UNUSED_FUNCTION = YES;
				GCC_WARN_UNUSED_VARIABLE = YES;
				MACOSX_DEPLOYMENT_TARGET = 10.11;
				MTL_ENABLE_DEBUG_INFO = YES;
				ONLY_ACTIVE_ARCH = YES;
				SDKROOT = macosx;
			};
			name = Debug;
		};
		F706EC2A1CCBDDBC006D1F05 /* Release */ = {
			isa = XCBuildConfiguration;
			buildSettings = {
				ALWAYS_SEARCH_USER_PATHS = NO;
				CLANG_ANALYZER_NONNULL = YES;
				CLANG_CXX_LANGUAGE_STANDARD = "gnu++0x";
				CLANG_CXX_LIBRARY = "libc++";
				CLANG_ENABLE_MODULES = YES;
				CLANG_ENABLE_OBJC_ARC = YES;
				CLANG_WARN_BOOL_CONVERSION = YES;
				CLANG_WARN_CONSTANT_CONVERSION = YES;
				CLANG_WARN_DIRECT_OBJC_ISA_USAGE = YES_ERROR;
				CLANG_WARN_EMPTY_BODY = YES;
				CLANG_WARN_ENUM_CONVERSION = YES;
				CLANG_WARN_INT_CONVERSION = YES;
				CLANG_WARN_OBJC_ROOT_CLASS = YES_ERROR;
				CLANG_WARN_UNREACHABLE_CODE = YES;
				CLANG_WARN__DUPLICATE_METHOD_MATCH = YES;
				CODE_SIGN_IDENTITY = "-";
				COPY_PHASE_STRIP = NO;
				DEBUG_INFORMATION_FORMAT = "dwarf-with-dsym";
				ENABLE_NS_ASSERTIONS = NO;
				ENABLE_STRICT_OBJC_MSGSEND = YES;
				GCC_C_LANGUAGE_STANDARD = gnu99;
				GCC_NO_COMMON_BLOCKS = YES;
				GCC_WARN_64_TO_32_BIT_CONVERSION = YES;
				GCC_WARN_ABOUT_RETURN_TYPE = YES_ERROR;
				GCC_WARN_UNDECLARED_SELECTOR = YES;
				GCC_WARN_UNINITIALIZED_AUTOS = YES_AGGRESSIVE;
				GCC_WARN_UNUSED_FUNCTION = YES;
				GCC_WARN_UNUSED_VARIABLE = YES;
				MACOSX_DEPLOYMENT_TARGET = 10.11;
				MTL_ENABLE_DEBUG_INFO = NO;
				SDKROOT = macosx;
			};
			name = Release;
		};
		F706EC2C1CCBDDBC006D1F05 /* Debug */ = {
			isa = XCBuildConfiguration;
			buildSettings = {
				PRODUCT_NAME = "$(TARGET_NAME)";
			};
			name = Debug;
		};
		F706EC2D1CCBDDBC006D1F05 /* Release */ = {
			isa = XCBuildConfiguration;
			buildSettings = {
				PRODUCT_NAME = "$(TARGET_NAME)";
			};
			name = Release;
		};
/* End XCBuildConfiguration section */

/* Begin XCConfigurationList section */
		F706EC1F1CCBDDBC006D1F05 /* Build configuration list for PBXProject "10.5 The BankAccount Class" */ = {
			isa = XCConfigurationList;
			buildConfigurations = (
				F706EC291CCBDDBC006D1F05 /* Debug */,
				F706EC2A1CCBDDBC006D1F05 /* Release */,
			);
			defaultConfigurationIsVisible = 0;
			defaultConfigurationName = Release;
		};
		F706EC2B1CCBDDBC006D1F05 /* Build configuration list for PBXNativeTarget "10.5 The BankAccount Class" */ = {
			isa = XCConfigurationList;
			buildConfigurations = (
				F706EC2C1CCBDDBC006D1F05 /* Debug */,
				F706EC2D1CCBDDBC006D1F05 /* Release */,
			);
			defaultConfigurationIsVisible = 0;
		};
/* End XCConfigurationList section */
	};
	rootObject = F706EC1C1CCBDDBC006D1F05 /* Project object */;
}
