
Microsoft Visual Studio Solution File, Format Version 12.00
# Visual Studio 15
VisualStudioVersion = 15.0.26127.3
MinimumVisualStudioVersion = 10.0.40219.1
Project("{8BC9CEB8-8B4A-11D0-8D11-00A0C91BC942}") = "Display 6.2 File IO with Checks on open", "Display 6.2 File IO with Checks on open\Display 6.2 File IO with Checks on open.vcxproj", "{F202B8E1-B427-4B13-92ED-07C9CB47D06D}"
EndProject
Global
	GlobalSection(SolutionConfigurationPlatforms) = preSolution
		Debug|x64 = Debug|x64
		Debug|x86 = Debug|x86
		Release|x64 = Release|x64
		Release|x86 = Release|x86
	EndGlobalSection
	GlobalSection(ProjectConfigurationPlatforms) = postSolution
		{F202B8E1-B427-4B13-92ED-07C9CB47D06D}.Debug|x64.ActiveCfg = Debug|x64
		{F202B8E1-B427-4B13-92ED-07C9CB47D06D}.Debug|x64.Build.0 = Debug|x64
		{F202B8E1-B427-4B13-92ED-07C9CB47D06D}.Debug|x86.ActiveCfg = Debug|Win32
		{F202B8E1-B427-4B13-92ED-07C9CB47D06D}.Debug|x86.Build.0 = Debug|Win32
		{F202B8E1-B427-4B13-92ED-07C9CB47D06D}.Release|x64.ActiveCfg = Release|x64
		{F202B8E1-B427-4B13-92ED-07C9CB47D06D}.Release|x64.Build.0 = Release|x64
		{F202B8E1-B427-4B13-92ED-07C9CB47D06D}.Release|x86.ActiveCfg = Release|Win32
		{F202B8E1-B427-4B13-92ED-07C9CB47D06D}.Release|x86.Build.0 = Release|Win32
	EndGlobalSection
	GlobalSection(SolutionProperties) = preSolution
		HideSolutionNode = FALSE
	EndGlobalSection
EndGlobal
