// !$*UTF8*$!
{
	archiveVersion = 1;
	classes = {
	};
	objectVersion = 46;
	objects = {

/* Begin PBXBuildFile section */
		F7C11A151C8FD5C90081136D /* main.cpp in Sources */ = {isa = PBXBuildFile; fileRef = F7C11A141C8FD5C90081136D /* main.cpp */; };
/* End PBXBuildFile section */

/* Begin PBXCopyFilesBuildPhase section */
		F7C11A0F1C8FD5C90081136D /* CopyFiles */ = {
			isa = PBXCopyFilesBuildPhase;
			buildActionMask = 2147483647;
			dstPath = /usr/share/man/man1/;
			dstSubfolderSpec = 0;
			files = (
			);
			runOnlyForDeploymentPostprocessing = 1;
		};
/* End PBXCopyFilesBuildPhase section */

/* Begin PBXFileReference section */
		F7C11A111C8FD5C90081136D /* Display 7.3 Indexed Variable as an Argument */ = {isa = PBXFileReference; explicitFileType = "compiled.mach-o.executable"; includeInIndex = 0; path = "Display 7.3 Indexed Variable as an Argument"; sourceTree = BUILT_PRODUCTS_DIR; };
		F7C11A141C8FD5C90081136D /* main.cpp */ = {isa = PBXFileReference; lastKnownFileType = sourcecode.cpp.cpp; path = main.cpp; sourceTree = "<group>"; };
/* End PBXFileReference section */

/* Begin PBXFrameworksBuildPhase section */
		F7C11A0E1C8FD5C90081136D /* Frameworks */ = {
			isa = PBXFrameworksBuildPhase;
			buildActionMask = 2147483647;
			files = (
			);
			runOnlyForDeploymentPostprocessing = 0;
		};
/* End PBXFrameworksBuildPhase section */

/* Begin PBXGroup section */
		F7C11A081C8FD5C90081136D = {
			isa = PBXGroup;
			children = (
				F7C11A131C8FD5C90081136D /* Display 7.3 Indexed Variable as an Argument */,
				F7C11A121C8FD5C90081136D /* Products */,
			);
			sourceTree = "<group>";
		};
		F7C11A121C8FD5C90081136D /* Products */ = {
			isa = PBXGroup;
			children = (
				F7C11A111C8FD5C90081136D /* Display 7.3 Indexed Variable as an Argument */,
			);
			name = Products;
			sourceTree = "<group>";
		};
		F7C11A131C8FD5C90081136D /* Display 7.3 Indexed Variable as an Argument */ = {
			isa = PBXGroup;
			children = (
				F7C11A141C8FD5C90081136D /* main.cpp */,
			);
			path = "Display 7.3 Indexed Variable as an Argument";
			sourceTree = "<group>";
		};
/* End PBXGroup section */

/* Begin PBXNativeTarget section */
		F7C11A101C8FD5C90081136D /* Display 7.3 Indexed Variable as an Argument */ = {
			isa = PBXNativeTarget;
			buildConfigurationList = F7C11A181C8FD5C90081136D /* Build configuration list for PBXNativeTarget "Display 7.3 Indexed Variable as an Argument" */;
			buildPhases = (
				F7C11A0D1C8FD5C90081136D /* Sources */,
				F7C11A0E1C8FD5C90081136D /* Frameworks */,
				F7C11A0F1C8FD5C90081136D /* CopyFiles */,
			);
			buildRules = (
			);
			dependencies = (
			);
			name = "Display 7.3 Indexed Variable as an Argument";
			productName = "Display 7.3 Indexed Variable as an Argument";
			productReference = F7C11A111C8FD5C90081136D /* Display 7.3 Indexed Variable as an Argument */;
			productType = "com.apple.product-type.tool";
		};
/* End PBXNativeTarget section */

/* Begin PBXProject section */
		F7C11A091C8FD5C90081136D /* Project object */ = {
			isa = PBXProject;
			attributes = {
				LastUpgradeCheck = 0720;
				ORGANIZATIONNAME = "Leon Nortje";
				TargetAttributes = {
					F7C11A101C8FD5C90081136D = {
						CreatedOnToolsVersion = 7.2.1;
					};
				};
			};
			buildConfigurationList = F7C11A0C1C8FD5C90081136D /* Build configuration list for PBXProject "Display 7.3 Indexed Variable as an Argument" */;
			compatibilityVersion = "Xcode 3.2";
			developmentRegion = English;
			hasScannedForEncodings = 0;
			knownRegions = (
				en,
			);
			mainGroup = F7C11A081C8FD5C90081136D;
			productRefGroup = F7C11A121C8FD5C90081136D /* Products */;
			projectDirPath = "";
			projectRoot = "";
			targets = (
				F7C11A101C8FD5C90081136D /* Display 7.3 Indexed Variable as an Argument */,
			);
		};
/* End PBXProject section */

/* Begin PBXSourcesBuildPhase section */
		F7C11A0D1C8FD5C90081136D /* Sources */ = {
			isa = PBXSourcesBuildPhase;
			buildActionMask = 2147483647;
			files = (
				F7C11A151C8FD5C90081136D /* main.cpp in Sources */,
			);
			runOnlyForDeploymentPostprocessing = 0;
		};
/* End PBXSourcesBuildPhase section */

/* Begin XCBuildConfiguration section */
		F7C11A161C8FD5C90081136D /* Debug */ = {
			isa = XCBuildConfiguration;
			buildSettings = {
				ALWAYS_SEARCH_USER_PATHS = NO;
				CLANG_CXX_LANGUAGE_STANDARD = "gnu++0x";
				CLANG_CXX_LIBRARY = "libc++";
				CLANG_ENABLE_MODULES = YES;
				CLANG_ENABLE_OBJC_ARC = YES;
				CLANG_WARN_BOOL_CONVERSION = YES;
				CLANG_WARN_CONSTANT_CONVERSION = YES;
				CLANG_WARN_DIRECT_OBJC_ISA_USAGE = YES_ERROR;
				CLANG_WARN_EMPTY_BODY = YES;
				CLANG_WARN_ENUM_CONVERSION = YES;
				CLANG_WARN_INT_CONVERSION = YES;
				CLANG_WARN_OBJC_ROOT_CLASS = YES_ERROR;
				CLANG_WARN_UNREACHABLE_CODE = YES;
				CLANG_WARN__DUPLICATE_METHOD_MATCH = YES;
				CODE_SIGN_IDENTITY = "-";
				COPY_PHASE_STRIP = NO;
				DEBUG_INFORMATION_FORMAT = dwarf;
				ENABLE_STRICT_OBJC_MSGSEND = YES;
				ENABLE_TESTABILITY = YES;
				GCC_C_LANGUAGE_STANDARD = gnu99;
				GCC_DYNAMIC_NO_PIC = NO;
				GCC_NO_COMMON_BLOCKS = YES;
				GCC_OPTIMIZATION_LEVEL = 0;
				GCC_PREPROCESSOR_DEFINITIONS = (
					"DEBUG=1",
					"$(inherited)",
				);
				GCC_WARN_64_TO_32_BIT_CONVERSION = YES;
				GCC_WARN_ABOUT_RETURN_TYPE = YES_ERROR;
				GCC_WARN_UNDECLARED_SELECTOR = YES;
				GCC_WARN_UNINITIALIZED_AUTOS = YES_AGGRESSIVE;
				GCC_WARN_UNUSED_FUNCTION = YES;
				GCC_WARN_UNUSED_VARIABLE = YES;
				MACOSX_DEPLOYMENT_TARGET = 10.11;
				MTL_ENABLE_DEBUG_INFO = YES;
				ONLY_ACTIVE_ARCH = YES;
				SDKROOT = macosx;
			};
			name = Debug;
		};
		F7C11A171C8FD5C90081136D /* Release */ = {
			isa = XCBuildConfiguration;
			buildSettings = {
				ALWAYS_SEARCH_USER_PATHS = NO;
				CLANG_CXX_LANGUAGE_STANDARD = "gnu++0x";
				CLANG_CXX_LIBRARY = "libc++";
				CLANG_ENABLE_MODULES = YES;
				CLANG_ENABLE_OBJC_ARC = YES;
				CLANG_WARN_BOOL_CONVERSION = YES;
				CLANG_WARN_CONSTANT_CONVERSION = YES;
				CLANG_WARN_DIRECT_OBJC_ISA_USAGE = YES_ERROR;
				CLANG_WARN_EMPTY_BODY = YES;
				CLANG_WARN_ENUM_CONVERSION = YES;
				CLANG_WARN_INT_CONVERSION = YES;
				CLANG_WARN_OBJC_ROOT_CLASS = YES_ERROR;
				CLANG_WARN_UNREACHABLE_CODE = YES;
				CLANG_WARN__DUPLICATE_METHOD_MATCH = YES;
				CODE_SIGN_IDENTITY = "-";
				COPY_PHASE_STRIP = NO;
				DEBUG_INFORMATION_FORMAT = "dwarf-with-dsym";
				ENABLE_NS_ASSERTIONS = NO;
				ENABLE_STRICT_OBJC_MSGSEND = YES;
				GCC_C_LANGUAGE_STANDARD = gnu99;
				GCC_NO_COMMON_BLOCKS = YES;
				GCC_WARN_64_TO_32_BIT_CONVERSION = YES;
				GCC_WARN_ABOUT_RETURN_TYPE = YES_ERROR;
				GCC_WARN_UNDECLARED_SELECTOR = YES;
				GCC_WARN_UNINITIALIZED_AUTOS = YES_AGGRESSIVE;
				GCC_WARN_UNUSED_FUNCTION = YES;
				GCC_WARN_UNUSED_VARIABLE = YES;
				MACOSX_DEPLOYMENT_TARGET = 10.11;
				MTL_ENABLE_DEBUG_INFO = NO;
				SDKROOT = macosx;
			};
			name = Release;
		};
		F7C11A191C8FD5C90081136D /* Debug */ = {
			isa = XCBuildConfiguration;
			buildSettings = {
				PRODUCT_NAME = "$(TARGET_NAME)";
			};
			name = Debug;
		};
		F7C11A1A1C8FD5C90081136D /* Release */ = {
			isa = XCBuildConfiguration;
			buildSettings = {
				PRODUCT_NAME = "$(TARGET_NAME)";
			};
			name = Release;
		};
/* End XCBuildConfiguration section */

/* Begin XCConfigurationList section */
		F7C11A0C1C8FD5C90081136D /* Build configuration list for PBXProject "Display 7.3 Indexed Variable as an Argument" */ = {
			isa = XCConfigurationList;
			buildConfigurations = (
				F7C11A161C8FD5C90081136D /* Debug */,
				F7C11A171C8FD5C90081136D /* Release */,
			);
			defaultConfigurationIsVisible = 0;
			defaultConfigurationName = Release;
		};
		F7C11A181C8FD5C90081136D /* Build configuration list for PBXNativeTarget "Display 7.3 Indexed Variable as an Argument" */ = {
			isa = XCConfigurationList;
			buildConfigurations = (
				F7C11A191C8FD5C90081136D /* Debug */,
				F7C11A1A1C8FD5C90081136D /* Release */,
			);
			defaultConfigurationIsVisible = 0;
		};
/* End XCConfigurationList section */
	};
	rootObject = F7C11A091C8FD5C90081136D /* Project object */;
}
